
Microsoft Visual Studio Solution File, Format Version 12.00
# Visual Studio Version 17
VisualStudioVersion = 17.7.34024.191
MinimumVisualStudioVersion = 10.0.40219.1
Project("{9A19103F-16F7-4668-BE54-9A1E7A4F7556}") = "PZ_17", "PZ_17\PZ_17.csproj", "{730DB96E-1A10-4201-A844-23B506734074}"
EndProject
Project("{9A19103F-16F7-4668-BE54-9A1E7A4F7556}") = "PZ_18", "PZ_18\PZ_18.csproj", "{0AA016DD-FECF-4ECA-9F00-6235C40CECAC}"
EndProject
Project("{9A19103F-16F7-4668-BE54-9A1E7A4F7556}") = "PZ_19", "PZ_19\PZ_19.csproj", "{27C119AC-AE4C-4E12-82EE-2CE6CEC1A5E2}"
EndProject
Project("{FAE04EC0-301F-11D3-BF4B-00C04F79EFBC}") = "PZ_24", "PZ_24\PZ_24.csproj", "{57BCEBFC-0B62-493C-B247-C2F7850C185A}"
EndProject
Project("{FAE04EC0-301F-11D3-BF4B-00C04F79EFBC}") = "ClassLibrary1", "ClassLibrary1\ClassLibrary1.csproj", "{94562866-25EA-4293-A125-9A3767CFBC3F}"
EndProject
Project("{FAE04EC0-301F-11D3-BF4B-00C04F79EFBC}") = "PZ_20", "PZ_20\PZ_20.csproj", "{E87D5910-DCDF-4C3E-97B3-723C37F1F481}"
EndProject
Project("{FAE04EC0-301F-11D3-BF4B-00C04F79EFBC}") = "PZ_21", "PZ_21\PZ_21.csproj", "{A8A6D74E-1327-45EA-AE23-82F78EED7EF5}"
EndProject
Global
	GlobalSection(SolutionConfigurationPlatforms) = preSolution
		Debug|Any CPU = Debug|Any CPU
		Release|Any CPU = Release|Any CPU
	EndGlobalSection
	GlobalSection(ProjectConfigurationPlatforms) = postSolution
		{730DB96E-1A10-4201-A844-23B506734074}.Debug|Any CPU.ActiveCfg = Debug|Any CPU
		{730DB96E-1A10-4201-A844-23B506734074}.Debug|Any CPU.Build.0 = Debug|Any CPU
		{730DB96E-1A10-4201-A844-23B506734074}.Release|Any CPU.ActiveCfg = Release|Any CPU
		{730DB96E-1A10-4201-A844-23B506734074}.Release|Any CPU.Build.0 = Release|Any CPU
		{0AA016DD-FECF-4ECA-9F00-6235C40CECAC}.Debug|Any CPU.ActiveCfg = Debug|Any CPU
		{0AA016DD-FECF-4ECA-9F00-6235C40CECAC}.Debug|Any CPU.Build.0 = Debug|Any CPU
		{0AA016DD-FECF-4ECA-9F00-6235C40CECAC}.Release|Any CPU.ActiveCfg = Release|Any CPU
		{0AA016DD-FECF-4ECA-9F00-6235C40CECAC}.Release|Any CPU.Build.0 = Release|Any CPU
		{27C119AC-AE4C-4E12-82EE-2CE6CEC1A5E2}.Debug|Any CPU.ActiveCfg = Debug|Any CPU
		{27C119AC-AE4C-4E12-82EE-2CE6CEC1A5E2}.Debug|Any CPU.Build.0 = Debug|Any CPU
		{27C119AC-AE4C-4E12-82EE-2CE6CEC1A5E2}.Release|Any CPU.ActiveCfg = Release|Any CPU
		{27C119AC-AE4C-4E12-82EE-2CE6CEC1A5E2}.Release|Any CPU.Build.0 = Release|Any CPU
		{57BCEBFC-0B62-493C-B247-C2F7850C185A}.Debug|Any CPU.ActiveCfg = Debug|Any CPU
		{57BCEBFC-0B62-493C-B247-C2F7850C185A}.Debug|Any CPU.Build.0 = Debug|Any CPU
		{57BCEBFC-0B62-493C-B247-C2F7850C185A}.Release|Any CPU.ActiveCfg = Release|Any CPU
		{57BCEBFC-0B62-493C-B247-C2F7850C185A}.Release|Any CPU.Build.0 = Release|Any CPU
		{94562866-25EA-4293-A125-9A3767CFBC3F}.Debug|Any CPU.ActiveCfg = Debug|Any CPU
		{94562866-25EA-4293-A125-9A3767CFBC3F}.Debug|Any CPU.Build.0 = Debug|Any CPU
		{94562866-25EA-4293-A125-9A3767CFBC3F}.Release|Any CPU.ActiveCfg = Release|Any CPU
		{94562866-25EA-4293-A125-9A3767CFBC3F}.Release|Any CPU.Build.0 = Release|Any CPU
		{E87D5910-DCDF-4C3E-97B3-723C37F1F481}.Debug|Any CPU.ActiveCfg = Debug|Any CPU
		{E87D5910-DCDF-4C3E-97B3-723C37F1F481}.Debug|Any CPU.Build.0 = Debug|Any CPU
		{E87D5910-DCDF-4C3E-97B3-723C37F1F481}.Release|Any CPU.ActiveCfg = Release|Any CPU
		{E87D5910-DCDF-4C3E-97B3-723C37F1F481}.Release|Any CPU.Build.0 = Release|Any CPU
		{A8A6D74E-1327-45EA-AE23-82F78EED7EF5}.Debug|Any CPU.ActiveCfg = Debug|Any CPU
		{A8A6D74E-1327-45EA-AE23-82F78EED7EF5}.Debug|Any CPU.Build.0 = Debug|Any CPU
		{A8A6D74E-1327-45EA-AE23-82F78EED7EF5}.Release|Any CPU.ActiveCfg = Release|Any CPU
		{A8A6D74E-1327-45EA-AE23-82F78EED7EF5}.Release|Any CPU.Build.0 = Release|Any CPU
	EndGlobalSection
	GlobalSection(SolutionProperties) = preSolution
		HideSolutionNode = FALSE
	EndGlobalSection
	GlobalSection(ExtensibilityGlobals) = postSolution
		SolutionGuid = {D32E0CB6-30D7-4460-88B6-29036BC7E991}
	EndGlobalSection
EndGlobal
